{
  "version": 4,
  "terraform_version": "1.7.0",
  "serial": 8,
  "lineage": "6cd830e3-ecc6-f0f0-210b-082a0cab4d24",
  "outputs": {},
  "resources": [
    {
      "mode": "managed",
      "type": "kubernetes_namespace",
      "name": "monitoring",
      "provider": "provider[\"registry.terraform.io/hashicorp/kubernetes\"]",
      "instances": [
        {
          "schema_version": 0,
          "attributes": {
            "id": "monitoring",
            "metadata": [
              {
                "annotations": {
                  "name": "monitoring"
                },
                "generate_name": "",
                "generation": 0,
                "labels": {
                  "mylabel": "monitoring"
                },
                "name": "monitoring",
                "resource_version": "298",
                "uid": "115d7f59-f6d2-4954-9855-1e50eb79dfac"
              }
            ],
            "timeouts": null,
            "wait_for_default_service_account": false
          },
          "sensitive_attributes": [],
          "private": "eyJlMmJmYjczMC1lY2FhLTExZTYtOGY4OC0zNDM2M2JjN2M0YzAiOnsiZGVsZXRlIjozMDAwMDAwMDAwMDB9fQ==",
          "dependencies": [
            "minikube_cluster.docker"
          ]
        }
      ]
    },
    {
      "mode": "managed",
      "type": "kubernetes_namespace",
      "name": "strimzi",
      "provider": "provider[\"registry.terraform.io/hashicorp/kubernetes\"]",
      "instances": [
        {
          "schema_version": 0,
          "attributes": {
            "id": "strimzi",
            "metadata": [
              {
                "annotations": {
                  "name": "strimzi"
                },
                "generate_name": "",
                "generation": 0,
                "labels": {
                  "mylabel": "strimzi"
                },
                "name": "strimzi",
                "resource_version": "300",
                "uid": "09d1cda8-0e89-4627-b134-065b4d361117"
              }
            ],
            "timeouts": null,
            "wait_for_default_service_account": false
          },
          "sensitive_attributes": [],
          "private": "eyJlMmJmYjczMC1lY2FhLTExZTYtOGY4OC0zNDM2M2JjN2M0YzAiOnsiZGVsZXRlIjozMDAwMDAwMDAwMDB9fQ==",
          "dependencies": [
            "minikube_cluster.docker"
          ]
        }
      ]
    },
    {
      "mode": "managed",
      "type": "kubernetes_namespace",
      "name": "zenprice",
      "provider": "provider[\"registry.terraform.io/hashicorp/kubernetes\"]",
      "instances": [
        {
          "schema_version": 0,
          "attributes": {
            "id": "zenprice",
            "metadata": [
              {
                "annotations": {
                  "name": "zenprice"
                },
                "generate_name": "",
                "generation": 0,
                "labels": {
                  "mylabel": "zenprice"
                },
                "name": "zenprice",
                "resource_version": "299",
                "uid": "d1aae309-824d-482a-830a-f2b6f20b1e97"
              }
            ],
            "timeouts": null,
            "wait_for_default_service_account": false
          },
          "sensitive_attributes": [],
          "private": "eyJlMmJmYjczMC1lY2FhLTExZTYtOGY4OC0zNDM2M2JjN2M0YzAiOnsiZGVsZXRlIjozMDAwMDAwMDAwMDB9fQ==",
          "dependencies": [
            "minikube_cluster.docker"
          ]
        }
      ]
    },
    {
      "mode": "managed",
      "type": "minikube_cluster",
      "name": "docker",
      "provider": "provider[\"registry.terraform.io/scott-the-programmer/minikube\"]",
      "instances": [
        {
          "schema_version": 0,
          "attributes": {
            "addons": [
              "default-storageclass",
              "metallb",
              "metrics-server",
              "storage-provisioner"
            ],
            "apiserver_ips": [],
            "apiserver_name": "minikubeCA",
            "apiserver_names": [],
            "apiserver_port": 8443,
            "auto_pause_interval": 1,
            "auto_update_drivers": true,
            "base_image": "gcr.io/k8s-minikube/kicbase:v0.0.42@sha256:d35ac07dfda971cabee05e0deca8aeac772f885a5348e1a0c0b0a36db20fcfc0",
            "binary_mirror": null,
            "cache_images": true,
            "cert_expiration": 1576800,
            "client_certificate": "-----BEGIN CERTIFICATE-----\nMIIDITCCAgmgAwIBAgIBAjANBgkqhkiG9w0BAQsFADAVMRMwEQYDVQQDEwptaW5p\na3ViZUNBMB4XDTI0MDEyMTE0MTMzMVoXDTI3MDEyMTE0MTMzMVowMTEXMBUGA1UE\nChMOc3lzdGVtOm1hc3RlcnMxFjAUBgNVBAMTDW1pbmlrdWJlLXVzZXIwggEiMA0G\nCSqGSIb3DQEBAQUAA4IBDwAwggEKAoIBAQC7m7/wURYLGPxXkXCPZA0ifq9wae1T\nEVG1upYn6M69KTSyMlj5OU+JGiuBhnBiti5yaPnntE6MHtEgsf3qWjk5s+5mHoFL\ndhzA9R8KDPJCm6uZoDYMoUO+WDQnn9FmCI8t2ve1Ft3it40XZKSg4s3pbxBUnuld\nN43h8WoyulChtROvse7tbuFDeGFf+RqH1W2XdlC9IkyA640J9nOpd5HrYabCLE3K\nY+eIZzAyX2NWOya+XTezzEdfifF0VUSex8vLP19HA/1ins2eOyDUqR7C/c9Q8Tik\n24eo3O/3ClOMvbKVuSLF2I6tbjrxc4AxF9HgvCZ7REtoeg4NEa2v319fAgMBAAGj\nYDBeMA4GA1UdDwEB/wQEAwIFoDAdBgNVHSUEFjAUBggrBgEFBQcDAQYIKwYBBQUH\nAwIwDAYDVR0TAQH/BAIwADAfBgNVHSMEGDAWgBTdv7WcBGsPejGApX+AIQSHOXEN\nNDANBgkqhkiG9w0BAQsFAAOCAQEAQj5GjA3YXrwoGY/w7fpulRYe+waAS+Ibesni\njVW+WiG14cfECxK4+/TaKQkHuLXX0QLKla9CCqNQPGvl2Q0PTR/akf5GVx/LWYVk\nim1S6lS9NpzexWTUcgDOaBja+nz3j7vbNMHJwpr0zsiAx3J9584nzwrCXtkgHza+\npzv2NtpQmrNNEd9F/Jna+wm5mN8ZpueJ8QJvCUs55MZVzvMF0nI5rjbskzlEJZdi\nZnwQxT1xJjXLA4hhx/ApnoK1uepIKSVBWU/VsXEaST6YCZVQ0t3Z6LbOo3P4r6J/\nuzo3hOhG7rCnHKNYRZ4QfhyC6bf6l3w7mxCqkcAs8m8aOemm/A==\n-----END CERTIFICATE-----\n",
            "client_key": "-----BEGIN RSA PRIVATE KEY-----\nMIIEowIBAAKCAQEAu5u/8FEWCxj8V5Fwj2QNIn6vcGntUxFRtbqWJ+jOvSk0sjJY\n+TlPiRorgYZwYrYucmj557ROjB7RILH96lo5ObPuZh6BS3YcwPUfCgzyQpurmaA2\nDKFDvlg0J5/RZgiPLdr3tRbd4reNF2SkoOLN6W8QVJ7pXTeN4fFqMrpQobUTr7Hu\n7W7hQ3hhX/kah9Vtl3ZQvSJMgOuNCfZzqXeR62GmwixNymPniGcwMl9jVjsmvl03\ns8xHX4nxdFVEnsfLyz9fRwP9Yp7Nnjsg1Kkewv3PUPE4pNuHqNzv9wpTjL2ylbki\nxdiOrW468XOAMRfR4Lwme0RLaHoODRGtr99fXwIDAQABAoIBAQCcBah3jIffjNT3\nYn4Q0i1WPbNbssxrI+EnWFheMnAUwrsPY225Pp9Vrwz1eD/o6AfyoDkNKFeWkl5r\naXt4tbYXtfsStFXk0wKQuoooyqGDIYFxjtrEYC09lI8zUOdNitrAUPVmhfDcBrhw\n9wMuxdBnTTVwmoQLQRNfD225aFd8UvWLZlf72h057055XhA5jIvcYitlznoBGit5\nL//KO2jLEWvBqbnAXqmytfzqj7Nws31dL9iThcSZTztUfvtxJqw7yD+XgevCdMz2\nfiQOzmahFH9FGID6QvaYxNkGGDuZ6HXMbqfgUVdDgRvkPChe9YMrCTCaFZ+iMrRQ\ntf3e+0+hAoGBAORnxjnYlkFHrx6ssIuInVPXQDgvdeUwzyw2wc+/Y7AF75YZ7sII\nANhfyYr9UN2hLKqRBtXXPwF2j+cUdm6F8SW+Oc5NMwQxPBhV+7VTKqO2jrBnfi2j\ntMoTm4x5oqTejUnJjsz7+qxFvrYDvmMifovHEZkYKG0yJXkWdoUGiVQvAoGBANJG\nMCU3Z/s7UeFEe88xSRGif335wadUhnPLYzrWQWQz3ZDdpcn5plfgLPT5QHOHLAnI\nkALAHo4aOIMd1+nKdsbON05AZnaWL146El0kh3MqLfP88DGkncDnseRS58tNn5fa\nOxB4crcUqiJ3+Pae+uLU3iQaU/TCNISQbST3DmvRAoGAblUa0lKnsn0YQO8WkTC7\nHwb5xKpYfxAm46rH0L0ZQKx9YbrBNQV8swkCaJuZdpYm53YLIT1K+D/3n56o3xbg\nuGS9s8RjAoFuECto3dyA2niTUO+NaiqMaJk0KJWRVacUBTLSQn7uRk2ipHYGgAjn\nrEnLXHLpBGaW53lMY1IXAI0CgYA1RTjPROEf4aBVvH7NN8Q2Jn+8D3kDBkPltAIY\nls0MMKOSHsTwjUGaA54AFeFBI16BwADT4Y4cHAJzHS1k+jjrFrUmKuSKaHPpoDak\nyCtUfrwTkuHbAcRBabFEkchNVgX3d379JjaRsTeE8fXtrMsMijcY2F6qpESfzOMJ\nuVk68QKBgDsz1onvJ3FW3fkbiPS57HfFOcTAnmVL4WoRxWZ493wfiWtD2IiJBMN3\nj5CUpEhfqS+25QKR65/vc9ThteA/+cLV+tTu4ECfdyfTn3i+etHJDVxxJjcud/Y7\n7VBQeatd8YnSzOaiIErSEBjnKVxo3yEGjxamCK4gZvPv9JbhSqY2\n-----END RSA PRIVATE KEY-----\n",
            "cluster_ca_certificate": "-----BEGIN CERTIFICATE-----\nMIIDBjCCAe6gAwIBAgIBATANBgkqhkiG9w0BAQsFADAVMRMwEQYDVQQDEwptaW5p\na3ViZUNBMB4XDTIzMTEwNjE3MTg1NloXDTMzMTEwNDE3MTg1NlowFTETMBEGA1UE\nAxMKbWluaWt1YmVDQTCCASIwDQYJKoZIhvcNAQEBBQADggEPADCCAQoCggEBALsa\nTARgzWRr1iR8nBVpf6mM4532tqKcnxo8/y2KgA12UgYMdPcJbmAJseOfCVxtnivS\nFUGUQdSg6IOwP/vqRsXFLi/DtXcptJ2zEiJb+AMlQSqqjVMUw386q8jfiP/8m6ms\nVjjphymDaK+EVgbUXCv9o35coCsahwLjY0ir6WlY4R5o5+4T0Iu+Z8dCACV7qs5O\nXJHKmD6hPqRbuh0/HeLBLN+wUsZ3TF/OBAZ9s7CPYPI3/yxunnRdElIG66wL+DE8\ntFl6IUVwRe9PMCanw66Og/0WmNOzYhNPuIzrSUZvuQmigbG5HdiaJcNDCQP0TjZy\n0jLDnqxY29Dly1mfAFECAwEAAaNhMF8wDgYDVR0PAQH/BAQDAgKkMB0GA1UdJQQW\nMBQGCCsGAQUFBwMCBggrBgEFBQcDATAPBgNVHRMBAf8EBTADAQH/MB0GA1UdDgQW\nBBTdv7WcBGsPejGApX+AIQSHOXENNDANBgkqhkiG9w0BAQsFAAOCAQEAWHyTTcsX\nHzD2GOuNgb7MRfYo6guj/zwrwvN8StTMxRbb3ZQYmtXREEp7+ficABFy1OszjeKG\nbni0CeZTzl2Ye7zGGvssfWnkxuiMM1kCgfy47m5BpxjG1+C4cEydqmou2gJEuzjB\nOfQkmc9/8M85K3JD0UqY64ws0ulgCY2Fy+GA/HRbVpfeL4oI5hs6ArhHhYSCkfFk\nwEpc7lyLW3nBVUerNouBJOIzebBhniTnRdB7sDAUBIgzZEfhs6M8sBuerQN1PSc6\nhYi+JRU4bNw6QytKXz84/KFyIq1nt66SSkaOkoRtQdDQKPddGwpOvPf2bchfKkKd\n3R5uDRGA5WbRJg==\n-----END CERTIFICATE-----\n",
            "cluster_name": "data-pipeline",
            "cni": "",
            "container_runtime": "",
            "cpus": 8,
            "cri_socket": "",
            "delete_on_failure": false,
            "disable_driver_mounts": false,
            "disable_metrics": false,
            "disable_optimizations": false,
            "disk_size": "20000mb",
            "dns_domain": "cluster.local",
            "dns_proxy": false,
            "docker_env": null,
            "docker_opt": null,
            "download_only": false,
            "driver": "docker",
            "dry_run": false,
            "embed_certs": false,
            "enable_default_cni": false,
            "extra_config": null,
            "extra_disks": 0,
            "feature_gates": "",
            "force": false,
            "force_systemd": false,
            "host": "https://192.168.49.2:8443",
            "host_dns_resolver": true,
            "host_only_cidr": "192.168.59.1/24",
            "host_only_nic_type": "virtio",
            "hyperkit_vpnkit_sock": "",
            "hyperkit_vsock_ports": [],
            "hyperv_external_adapter": "",
            "hyperv_use_external_switch": false,
            "hyperv_virtual_switch": "",
            "id": "data-pipeline",
            "image_mirror_country": null,
            "image_repository": "",
            "insecure_registry": [],
            "install_addons": true,
            "interactive": true,
            "iso_url": [
              "https://github.com/kubernetes/minikube/releases/download/v1.32.0/minikube-v1.32.0-amd64.iso"
            ],
            "keep_context": false,
            "kubernetes_version": null,
            "kvm_gpu": false,
            "kvm_hidden": false,
            "kvm_network": "default",
            "kvm_numa_count": 1,
            "kvm_qemu_uri": "qemu:///system",
            "listen_address": "",
            "memory": "8192mb",
            "mount": false,
            "mount_9p_version": "9p2000.L",
            "mount_gid": "docker",
            "mount_ip": null,
            "mount_msize": 262144,
            "mount_options": null,
            "mount_port": 0,
            "mount_string": "/home:/minikube-host",
            "mount_type": "9p",
            "mount_uid": "docker",
            "namespace": "default",
            "nat_nic_type": "virtio",
            "native_ssh": true,
            "network": "",
            "network_plugin": "",
            "nfs_share": [],
            "nfs_shares_root": "/nfsshares",
            "no_kubernetes": false,
            "no_vtx_check": false,
            "nodes": 1,
            "ports": [],
            "preload": true,
            "qemu_firmware_path": null,
            "registry_mirror": [],
            "service_cluster_ip_range": "10.96.0.0/12",
            "socket_vmnet_client_path": null,
            "socket_vmnet_path": null,
            "ssh_ip_address": "",
            "ssh_key": "",
            "ssh_port": 22,
            "ssh_user": "root",
            "static_ip": null,
            "subnet": null,
            "trace": null,
            "uuid": "",
            "vm": false,
            "vm_driver": "",
            "wait": null,
            "wait_timeout": 6
          },
          "sensitive_attributes": [],
          "private": "bnVsbA=="
        }
      ]
    }
  ],
  "check_results": null
}
